<?xml version="1.0" encoding="utf-8"?>
<Project ToolsVersion="4.0" xmlns="http://schemas.microsoft.com/developer/msbuild/2003">
  <ItemGroup>
    <Filter Include="Source Files">
      <UniqueIdentifier>{4FC737F1-C7A5-4376-A066-2A32D752A2FF}</UniqueIdentifier>
      <Extensions>cpp;c;cc;cxx;c++;cppm;ixx;def;odl;idl;hpj;bat;asm;asmx</Extensions>
    </Filter>
    <Filter Include="Header Files">
      <UniqueIdentifier>{93995380-89BD-4b04-88EB-625FBE52EBFB}</UniqueIdentifier>
      <Extensions>h;hh;hpp;hxx;h++;hm;inl;inc;ipp;xsd</Extensions>
    </Filter>
    <Filter Include="Resource Files">
      <UniqueIdentifier>{67DA6AB6-F800-4c08-8B7A-83BB121AAD01}</UniqueIdentifier>
      <Extensions>rc;ico;cur;bmp;dlg;rc2;rct;bin;rgs;gif;jpg;jpeg;jpe;resx;tiff;tif;png;wav;mfcribbon-ms</Extensions>
    </Filter>
    <Filter Include="Source Files\Lib">
      <UniqueIdentifier>{ef947a33-c10e-4a4f-8f68-207931a45697}</UniqueIdentifier>
    </Filter>
    <Filter Include="Source Files\Client">
      <UniqueIdentifier>{a5e0b8a0-81f5-4a93-aaa0-ee096e8be359}</UniqueIdentifier>
    </Filter>
  </ItemGroup>
  <ItemGroup>
    <ClCompile Include="SecureSocket.cpp">
      <Filter>Source Files</Filter>
    </ClCompile>
    <ClCompile Include="Common\BaseSock.cpp">
      <Filter>Source Files\Lib</Filter>
    </ClCompile>
    <ClCompile Include="Common\CertHelper.cpp">
      <Filter>Source Files\Lib</Filter>
    </ClCompile>
    <ClCompile Include="Common\CertRAII.cpp">
      <Filter>Source Files\Lib</Filter>
    </ClCompile>
    <ClCompile Include="Common\Utilities.cpp">
      <Filter>Source Files\Lib</Filter>
    </ClCompile>
    <ClCompile Include="ActiveSock.cpp">
      <Filter>Source Files\Client</Filter>
    </ClCompile>
    <ClCompile Include="pch.cpp">
      <Filter>Source Files\Client</Filter>
    </ClCompile>
    <ClCompile Include="SSLClient.cpp">
      <Filter>Source Files\Client</Filter>
    </ClCompile>
  </ItemGroup>
  <ItemGroup>
    <ClInclude Include="Common\header\AppVersion.h">
      <Filter>Header Files</Filter>
    </ClInclude>
    <ClInclude Include="Common\header\BaseSock.h">
      <Filter>Header Files</Filter>
    </ClInclude>
    <ClInclude Include="Common\header\CertHelper.h">
      <Filter>Header Files</Filter>
    </ClInclude>
    <ClInclude Include="Common\header\CertRAII.h">
      <Filter>Header Files</Filter>
    </ClInclude>
    <ClInclude Include="Common\header\Handle.h">
      <Filter>Header Files</Filter>
    </ClInclude>
    <ClInclude Include="Common\header\ISocketStream.h">
      <Filter>Header Files</Filter>
    </ClInclude>
    <ClInclude Include="Common\header\SecurityHandle.h">
      <Filter>Header Files</Filter>
    </ClInclude>
    <ClInclude Include="Common\header\targetver.h">
      <Filter>Header Files</Filter>
    </ClInclude>
    <ClInclude Include="Common\header\Utilities.h">
      <Filter>Header Files</Filter>
    </ClInclude>
  </ItemGroup>
</Project>